# This file is autogenerated, do not edit; changes may be undone by the next 'dep ensure'.


[[projects]]
  name = "cloud.google.com/go"
  packages = ["compute/metadata"]
  revision = "2d3a6656c17a60b0815b7e06ab0be04eacb6e613"
  version = "v0.16.0"

[[projects]]
  name = "github.com/Azure/azure-sdk-for-go"
  packages = ["storage"]
  revision = "2d49bb8f2cee530cc16f1f1a9f0aae763dee257d"
  version = "v10.2.1-beta"

[[projects]]
  name = "github.com/Azure/go-autorest"
  packages = ["autorest","autorest/adal","autorest/azure","autorest/date"]
  revision = "8efdaa3a898515764e6039c03e8d953c10519915"
  version = "v9.3.1"

[[projects]]
  name = "github.com/aws/aws-sdk-go"
  packages = ["aws","aws/awserr","aws/awsutil","aws/client","aws/client/metadata","aws/corehandlers","aws/credentials","aws/credentials/ec2rolecreds","aws/credentials/endpointcreds","aws/credentials/stscreds","aws/defaults","aws/ec2metadata","aws/endpoints","aws/request","aws/session","aws/signer/v4","internal/shareddefaults","private/protocol","private/protocol/query","private/protocol/query/queryutil","private/protocol/rest","private/protocol/restxml","private/protocol/xml/xmlutil","service/s3","service/sts"]
  revision = "d46843b92a3a8e377d7fe24b4d70fca37f923d00"
  version = "v1.12.22"

[[projects]]
  branch = "master"
  name = "github.com/cheekybits/is"
  packages = ["."]
  revision = "68e9c0620927fb5427fda3708222d0edee89eae9"

[[projects]]
  name = "github.com/dgrijalva/jwt-go"
  packages = ["."]
  revision = "dbeaa9332f19a944acb5736b4456cfcc02140e29"
  version = "v3.1.0"

[[projects]]
  name = "github.com/go-ini/ini"
  packages = ["."]
  revision = "3321baafb1bb36f5288e5fff1c7cc98abd4c173a"
  version = "v1.29.2"

[[projects]]
  branch = "master"
  name = "github.com/golang/protobuf"
  packages = ["proto"]
  revision = "1643683e1b54a9e88ad26d98f81400c8c9d9f4f9"

[[projects]]
  name = "github.com/graymeta/stow"
  packages = ["."]
  revision = "40ddb0743e48a0b979b7dc57ff214a686b0e1ef2"
  version = "v0.1.0"

[[projects]]
  name = "github.com/jmespath/go-jmespath"
  packages = ["."]
  revision = "0b12d6b5"

[[projects]]
  branch = "master"
  name = "github.com/ncw/swift"
  packages = ["."]
  revision = "c95c6e5c2d1a3d37fc44c8c6dc9e231c7500667d"

[[projects]]
  name = "github.com/pkg/errors"
  packages = ["."]
  revision = "645ef00459ed84a119197bfb8d8205042c6df63d"
  version = "v0.8.0"

[[projects]]
  name = "github.com/satori/uuid"
  packages = ["."]
  revision = "879c5887cd475cd7864858769793b2ceb0d44feb"
  version = "v1.1.0"

[[projects]]
  name = "github.com/vmihailenco/msgpack"
  packages = [".","codes"]
  revision = "df5e5d20905d833657b92cafe6f6341ca1378083"
  version = "v3.2.0"

[[projects]]
  branch = "release-branch.go1.8"
  name = "golang.org/x/net"
  packages = ["context","context/ctxhttp"]
  revision = "186fd3fc8194a5e9980a82230d69c1ff7134229f"

[[projects]]
  branch = "master"
  name = "golang.org/x/oauth2"
  packages = [".","google","internal","jws","jwt"]
  revision = "9ff8ebcc8e241d46f52ecc5bff0e5a2f2dbef402"

[[projects]]
  branch = "master"
  name = "google.golang.org/api"
  packages = ["gensupport","googleapi","googleapi/internal/uritemplates","storage/v1"]
  revision = "9fdb53e0c633e09f7df19c7745ee0e39ce3f5e6a"

[[projects]]
  name = "google.golang.org/appengine"
  packages = [".","datastore","internal","internal/app_identity","internal/base","internal/datastore","internal/log","internal/modules","internal/remote_api","internal/urlfetch","urlfetch"]
  revision = "150dc57a1b433e64154302bdc40b6bb8aefa313a"
  version = "v1.0.0"

[solve-meta]
  analyzer-name = "dep"
  analyzer-version = 1
  inputs-digest = "c77950604aef6e56f721c66c118c103aa631fe1821d3aabb2c88d2c8ab022a66"
  solver-name = "gps-cdcl"
  solver-version = 1
